
Microsoft Visual Studio Solution File, Format Version 12.00
Project("{FAE04EC0-301F-11D3-BF4B-00C04F79EFBC}") = "ConfigurableMurderCooldown", "ConfigurableMurderCooldown\ConfigurableMurderCooldown.csproj", "{C1490D29-3077-4B57-B497-E4B7D6CD1767}"
EndProject
Global
	GlobalSection(SolutionConfigurationPlatforms) = preSolution
		Debug|Any CPU = Debug|Any CPU
		Release|Any CPU = Release|Any CPU
	EndGlobalSection
	GlobalSection(ProjectConfigurationPlatforms) = postSolution
		{C1490D29-3077-4B57-B497-E4B7D6CD1767}.Debug|Any CPU.ActiveCfg = Debug|Any CPU
		{C1490D29-3077-4B57-B497-E4B7D6CD1767}.Debug|Any CPU.Build.0 = Debug|Any CPU
		{C1490D29-3077-4B57-B497-E4B7D6CD1767}.Release|Any CPU.ActiveCfg = Release|Any CPU
		{C1490D29-3077-4B57-B497-E4B7D6CD1767}.Release|Any CPU.Build.0 = Release|Any CPU
	EndGlobalSection
EndGlobal
